
Microsoft Visual Studio Solution File, Format Version 12.00
# Visual Studio Version 17
VisualStudioVersion = 17.3.32922.545
MinimumVisualStudioVersion = 10.0.40219.1
Project("{FAE04EC0-301F-11D3-BF4B-00C04F79EFBC}") = "TeaShop", "TeaShop\TeaShop.csproj", "{80DFE7D4-4259-4F44-B91F-90BBFEBD273D}"
EndProject
Global
	GlobalSection(SolutionConfigurationPlatforms) = preSolution
		Debug|Any CPU = Debug|Any CPU
		Release|Any CPU = Release|Any CPU
	EndGlobalSection
	GlobalSection(ProjectConfigurationPlatforms) = postSolution
		{80DFE7D4-4259-4F44-B91F-90BBFEBD273D}.Debug|Any CPU.ActiveCfg = Debug|Any CPU
		{80DFE7D4-4259-4F44-B91F-90BBFEBD273D}.Debug|Any CPU.Build.0 = Debug|Any CPU
		{80DFE7D4-4259-4F44-B91F-90BBFEBD273D}.Release|Any CPU.ActiveCfg = Release|Any CPU
		{80DFE7D4-4259-4F44-B91F-90BBFEBD273D}.Release|Any CPU.Build.0 = Release|Any CPU
	EndGlobalSection
	GlobalSection(SolutionProperties) = preSolution
		HideSolutionNode = FALSE
	EndGlobalSection
	GlobalSection(ExtensibilityGlobals) = postSolution
		SolutionGuid = {CBC6D671-2D74-4FBE-B47C-38A16078F90E}
	EndGlobalSection
EndGlobal
